
Microsoft Visual Studio Solution File, Format Version 12.00
# Visual Studio Version 16
VisualStudioVersion = 16.0.31702.278
MinimumVisualStudioVersion = 10.0.40219.1
Project("{FAE04EC0-301F-11D3-BF4B-00C04F79EFBC}") = "AnagramaEstrella", "AnagramaEstrella\AnagramaEstrella.csproj", "{D562AE7A-9290-4DD3-A602-8DFDD4B43BFC}"
EndProject
Global
	GlobalSection(SolutionConfigurationPlatforms) = preSolution
		Debug|Any CPU = Debug|Any CPU
		Release|Any CPU = Release|Any CPU
	EndGlobalSection
	GlobalSection(ProjectConfigurationPlatforms) = postSolution
		{D562AE7A-9290-4DD3-A602-8DFDD4B43BFC}.Debug|Any CPU.ActiveCfg = Debug|Any CPU
		{D562AE7A-9290-4DD3-A602-8DFDD4B43BFC}.Debug|Any CPU.Build.0 = Debug|Any CPU
		{D562AE7A-9290-4DD3-A602-8DFDD4B43BFC}.Release|Any CPU.ActiveCfg = Release|Any CPU
		{D562AE7A-9290-4DD3-A602-8DFDD4B43BFC}.Release|Any CPU.Build.0 = Release|Any CPU
	EndGlobalSection
	GlobalSection(SolutionProperties) = preSolution
		HideSolutionNode = FALSE
	EndGlobalSection
	GlobalSection(ExtensibilityGlobals) = postSolution
		SolutionGuid = {7955291A-D666-44CF-951A-467CA465ACBA}
	EndGlobalSection
EndGlobal
